
Microsoft Visual Studio Solution File, Format Version 12.00
Project("{2150E333-8FDC-42A3-9474-1A3956D46DE8}") = "BL", "BL", "{D995E5FA-63AA-4249-A6EC-74D69EF8C474}"
EndProject
Project("{2150E333-8FDC-42A3-9474-1A3956D46DE8}") = "BFF", "BFF", "{88A081A7-F6C0-453F-8584-8385EA7EDD27}"
EndProject
Project("{2150E333-8FDC-42A3-9474-1A3956D46DE8}") = "Common", "Common", "{55DE320E-EF0B-4F2A-A1A6-4E326C062D33}"
EndProject
Project("{2150E333-8FDC-42A3-9474-1A3956D46DE8}") = "AuthMs", "AuthMs", "{1372B6C1-E696-43AD-98E2-53962B3043DD}"
EndProject
Project("{FAE04EC0-301F-11D3-BF4B-00C04F79EFBC}") = "AuthService.Service", "Authentication\AuthService.Service\AuthService.Service.csproj", "{26E2242B-D0FD-4783-BB37-1898D7BB652F}"
EndProject
Project("{FAE04EC0-301F-11D3-BF4B-00C04F79EFBC}") = "AuthService.Models", "Authentication\AuthService.Models\AuthService.Models.csproj", "{F8B82F3C-31AC-48A1-91AC-7D36DA567E66}"
EndProject
Project("{FAE04EC0-301F-11D3-BF4B-00C04F79EFBC}") = "Common.Utils", "Common\Utils\Common.Utils.csproj", "{2EA49F96-59D7-4016-B564-9B0776BF73F9}"
EndProject
Project("{FAE04EC0-301F-11D3-BF4B-00C04F79EFBC}") = "Common.Models", "Common\Models\Common.Models.csproj", "{9331B3E2-6949-498D-A073-ECDA15F2F8B4}"
EndProject
Project("{FAE04EC0-301F-11D3-BF4B-00C04F79EFBC}") = "AuthService.Tests", "Authentication\AuthService.Tests\AuthService.Tests.csproj", "{156EDEC0-475B-44DA-A27A-BF6149CEDB97}"
EndProject
Project("{FAE04EC0-301F-11D3-BF4B-00C04F79EFBC}") = "Common.Tests", "Common\Common.Tests\Common.Tests.csproj", "{013AD0EF-0259-4A2B-B8D7-5EF7B13B5626}"
EndProject
Project("{FAE04EC0-301F-11D3-BF4B-00C04F79EFBC}") = "BFF.Service", "Backoffice\server\BFF.Service\BFF.Service.csproj", "{9F4B9ECE-2340-433B-87F4-FBA34F2B5401}"
EndProject
Project("{FAE04EC0-301F-11D3-BF4B-00C04F79EFBC}") = "BFF.Tests", "Backoffice\server\BFF.Tests\BFF.Tests.csproj", "{265D6ACE-D500-4C1A-B001-4D79088762FB}"
EndProject
Project("{2150E333-8FDC-42A3-9474-1A3956D46DE8}") = "GameMs", "GameMs", "{569B44E2-6F62-4185-9B02-136760657405}"
EndProject
Project("{FAE04EC0-301F-11D3-BF4B-00C04F79EFBC}") = "GameService.Service", "Game\GameService.Service\GameService.Service.csproj", "{18E6FC7E-9A81-447F-8235-4932B553CA2D}"
EndProject
Project("{FAE04EC0-301F-11D3-BF4B-00C04F79EFBC}") = "GameService.Models", "Game\GameService.Models\GameService.Models.csproj", "{54F3E139-5C82-462A-A301-136C32DE31D0}"
EndProject
Global
	GlobalSection(SolutionConfigurationPlatforms) = preSolution
		Debug|Any CPU = Debug|Any CPU
		Release|Any CPU = Release|Any CPU
	EndGlobalSection
	GlobalSection(ProjectConfigurationPlatforms) = postSolution
		{26E2242B-D0FD-4783-BB37-1898D7BB652F}.Debug|Any CPU.ActiveCfg = Debug|Any CPU
		{26E2242B-D0FD-4783-BB37-1898D7BB652F}.Debug|Any CPU.Build.0 = Debug|Any CPU
		{26E2242B-D0FD-4783-BB37-1898D7BB652F}.Release|Any CPU.ActiveCfg = Release|Any CPU
		{26E2242B-D0FD-4783-BB37-1898D7BB652F}.Release|Any CPU.Build.0 = Release|Any CPU
		{F8B82F3C-31AC-48A1-91AC-7D36DA567E66}.Debug|Any CPU.ActiveCfg = Debug|Any CPU
		{F8B82F3C-31AC-48A1-91AC-7D36DA567E66}.Debug|Any CPU.Build.0 = Debug|Any CPU
		{F8B82F3C-31AC-48A1-91AC-7D36DA567E66}.Release|Any CPU.ActiveCfg = Release|Any CPU
		{F8B82F3C-31AC-48A1-91AC-7D36DA567E66}.Release|Any CPU.Build.0 = Release|Any CPU
		{2EA49F96-59D7-4016-B564-9B0776BF73F9}.Debug|Any CPU.ActiveCfg = Debug|Any CPU
		{2EA49F96-59D7-4016-B564-9B0776BF73F9}.Debug|Any CPU.Build.0 = Debug|Any CPU
		{2EA49F96-59D7-4016-B564-9B0776BF73F9}.Release|Any CPU.ActiveCfg = Release|Any CPU
		{2EA49F96-59D7-4016-B564-9B0776BF73F9}.Release|Any CPU.Build.0 = Release|Any CPU
		{9331B3E2-6949-498D-A073-ECDA15F2F8B4}.Debug|Any CPU.ActiveCfg = Debug|Any CPU
		{9331B3E2-6949-498D-A073-ECDA15F2F8B4}.Debug|Any CPU.Build.0 = Debug|Any CPU
		{9331B3E2-6949-498D-A073-ECDA15F2F8B4}.Release|Any CPU.ActiveCfg = Release|Any CPU
		{9331B3E2-6949-498D-A073-ECDA15F2F8B4}.Release|Any CPU.Build.0 = Release|Any CPU
		{156EDEC0-475B-44DA-A27A-BF6149CEDB97}.Debug|Any CPU.ActiveCfg = Debug|Any CPU
		{156EDEC0-475B-44DA-A27A-BF6149CEDB97}.Debug|Any CPU.Build.0 = Debug|Any CPU
		{156EDEC0-475B-44DA-A27A-BF6149CEDB97}.Release|Any CPU.ActiveCfg = Release|Any CPU
		{156EDEC0-475B-44DA-A27A-BF6149CEDB97}.Release|Any CPU.Build.0 = Release|Any CPU
		{013AD0EF-0259-4A2B-B8D7-5EF7B13B5626}.Debug|Any CPU.ActiveCfg = Debug|Any CPU
		{013AD0EF-0259-4A2B-B8D7-5EF7B13B5626}.Debug|Any CPU.Build.0 = Debug|Any CPU
		{013AD0EF-0259-4A2B-B8D7-5EF7B13B5626}.Release|Any CPU.ActiveCfg = Release|Any CPU
		{013AD0EF-0259-4A2B-B8D7-5EF7B13B5626}.Release|Any CPU.Build.0 = Release|Any CPU
		{9F4B9ECE-2340-433B-87F4-FBA34F2B5401}.Debug|Any CPU.ActiveCfg = Debug|Any CPU
		{9F4B9ECE-2340-433B-87F4-FBA34F2B5401}.Debug|Any CPU.Build.0 = Debug|Any CPU
		{9F4B9ECE-2340-433B-87F4-FBA34F2B5401}.Release|Any CPU.ActiveCfg = Release|Any CPU
		{9F4B9ECE-2340-433B-87F4-FBA34F2B5401}.Release|Any CPU.Build.0 = Release|Any CPU
		{265D6ACE-D500-4C1A-B001-4D79088762FB}.Debug|Any CPU.ActiveCfg = Debug|Any CPU
		{265D6ACE-D500-4C1A-B001-4D79088762FB}.Debug|Any CPU.Build.0 = Debug|Any CPU
		{265D6ACE-D500-4C1A-B001-4D79088762FB}.Release|Any CPU.ActiveCfg = Release|Any CPU
		{265D6ACE-D500-4C1A-B001-4D79088762FB}.Release|Any CPU.Build.0 = Release|Any CPU
		{18E6FC7E-9A81-447F-8235-4932B553CA2D}.Debug|Any CPU.ActiveCfg = Debug|Any CPU
		{18E6FC7E-9A81-447F-8235-4932B553CA2D}.Debug|Any CPU.Build.0 = Debug|Any CPU
		{18E6FC7E-9A81-447F-8235-4932B553CA2D}.Release|Any CPU.ActiveCfg = Release|Any CPU
		{18E6FC7E-9A81-447F-8235-4932B553CA2D}.Release|Any CPU.Build.0 = Release|Any CPU
		{54F3E139-5C82-462A-A301-136C32DE31D0}.Debug|Any CPU.ActiveCfg = Debug|Any CPU
		{54F3E139-5C82-462A-A301-136C32DE31D0}.Debug|Any CPU.Build.0 = Debug|Any CPU
		{54F3E139-5C82-462A-A301-136C32DE31D0}.Release|Any CPU.ActiveCfg = Release|Any CPU
		{54F3E139-5C82-462A-A301-136C32DE31D0}.Release|Any CPU.Build.0 = Release|Any CPU
	EndGlobalSection
	GlobalSection(NestedProjects) = preSolution
		{1372B6C1-E696-43AD-98E2-53962B3043DD} = {D995E5FA-63AA-4249-A6EC-74D69EF8C474}
		{26E2242B-D0FD-4783-BB37-1898D7BB652F} = {1372B6C1-E696-43AD-98E2-53962B3043DD}
		{F8B82F3C-31AC-48A1-91AC-7D36DA567E66} = {1372B6C1-E696-43AD-98E2-53962B3043DD}
		{2EA49F96-59D7-4016-B564-9B0776BF73F9} = {55DE320E-EF0B-4F2A-A1A6-4E326C062D33}
		{9331B3E2-6949-498D-A073-ECDA15F2F8B4} = {55DE320E-EF0B-4F2A-A1A6-4E326C062D33}
		{156EDEC0-475B-44DA-A27A-BF6149CEDB97} = {1372B6C1-E696-43AD-98E2-53962B3043DD}
		{013AD0EF-0259-4A2B-B8D7-5EF7B13B5626} = {55DE320E-EF0B-4F2A-A1A6-4E326C062D33}
		{9F4B9ECE-2340-433B-87F4-FBA34F2B5401} = {88A081A7-F6C0-453F-8584-8385EA7EDD27}
		{265D6ACE-D500-4C1A-B001-4D79088762FB} = {88A081A7-F6C0-453F-8584-8385EA7EDD27}
		{569B44E2-6F62-4185-9B02-136760657405} = {D995E5FA-63AA-4249-A6EC-74D69EF8C474}
		{18E6FC7E-9A81-447F-8235-4932B553CA2D} = {569B44E2-6F62-4185-9B02-136760657405}
		{54F3E139-5C82-462A-A301-136C32DE31D0} = {569B44E2-6F62-4185-9B02-136760657405}
	EndGlobalSection
EndGlobal
